{
  "nodes": {
    "ags": {
      "inputs": {
        "astal": "astal",
        "nixpkgs": [
          "hyprpanel",
          "nixpkgs"
        ]
      },
      "locked": {
        "lastModified": 1736090999,
        "narHash": "sha256-B5CJuHqfJrzPa7tObK0H9669/EClSHpa/P7B9EuvElU=",
        "owner": "aylur",
        "repo": "ags",
        "rev": "5527c3c07d92c11e04e7fd99d58429493dba7e3c",
        "type": "github"
      },
      "original": {
        "owner": "aylur",
        "repo": "ags",
        "type": "github"
      }
    },
    "astal": {
      "inputs": {
        "nixpkgs": [
          "hyprpanel",
          "ags",
          "nixpkgs"
        ]
      },
      "locked": {
        "lastModified": 1735172721,
        "narHash": "sha256-rtEAwGsHSppnkR3Qg3eRJ6Xh/F84IY9CrBBLzYabalY=",
        "owner": "aylur",
        "repo": "astal",
        "rev": "6c84b64efc736e039a8a10774a4a1bf772c37aa2",
        "type": "github"
      },
      "original": {
        "owner": "aylur",
        "repo": "astal",
        "type": "github"
      }
    },
    "catppuccin": {
      "inputs": {
        "nixpkgs": "nixpkgs"
      },
      "locked": {
        "lastModified": 1745352209,
        "narHash": "sha256-u3vJEzi6zxgG59KXjMR5koERsdKT5nd1OEKCpr6zgn8=",
        "owner": "catppuccin",
        "repo": "nix",
        "rev": "6268e50dbb0ac9375e110560395b5dc199e4dfb8",
        "type": "github"
      },
      "original": {
        "owner": "catppuccin",
        "repo": "nix",
        "type": "github"
      }
    },
    "flake-compat": {
      "locked": {
        "lastModified": 1733328505,
        "narHash": "sha256-NeCCThCEP3eCl2l/+27kNNK7QrwZB1IJCrXfrbv5oqU=",
        "rev": "ff81ac966bb2cae68946d5ed5fc4994f96d0ffec",
        "revCount": 69,
        "type": "tarball",
        "url": "https://api.flakehub.com/f/pinned/edolstra/flake-compat/1.1.0/01948eb7-9cba-704f-bbf3-3fa956735b52/source.tar.gz"
      },
      "original": {
        "type": "tarball",
        "url": "https://flakehub.com/f/edolstra/flake-compat/1.tar.gz"
      }
    },
    "flake-utils": {
      "inputs": {
        "systems": "systems"
      },
      "locked": {
        "lastModified": 1731533236,
        "narHash": "sha256-l0KFg5HjrsfsO/JpG+r7fRrqm12kzFHyUHqHCVpMMbI=",
        "owner": "numtide",
        "repo": "flake-utils",
        "rev": "11707dc2f618dd54ca8739b309ec4fc024de578b",
        "type": "github"
      },
      "original": {
        "owner": "numtide",
        "repo": "flake-utils",
        "type": "github"
      }
    },
    "home-manager": {
      "inputs": {
        "nixpkgs": [
          "nixpkgs"
        ]
      },
      "locked": {
        "lastModified": 1745362344,
        "narHash": "sha256-R4d7j2urn/W+K9crKJaxJvZOsVX5v7uCAymaDBq97SE=",
        "owner": "nix-community",
        "repo": "home-manager",
        "rev": "b99e3e46b86aefc01f229e0a29d0c03c1079aaed",
        "type": "github"
      },
      "original": {
        "owner": "nix-community",
        "ref": "master",
        "repo": "home-manager",
        "type": "github"
      }
    },
    "home-manager_2": {
      "inputs": {
        "nixpkgs": [
          "zen-browser",
          "nixpkgs"
        ]
      },
      "locked": {
        "lastModified": 1743604125,
        "narHash": "sha256-ZD61DNbsBt1mQbinAaaEqKaJk2RFo9R/j+eYWeGMx7A=",
        "owner": "nix-community",
        "repo": "home-manager",
        "rev": "180fd43eea296e62ae68e079fcf56aba268b9a1a",
        "type": "github"
      },
      "original": {
        "owner": "nix-community",
        "repo": "home-manager",
        "type": "github"
      }
    },
    "hyprpanel": {
      "inputs": {
        "ags": "ags",
        "nixpkgs": "nixpkgs_2"
      },
      "locked": {
        "lastModified": 1744513377,
        "narHash": "sha256-2ocy+qAVxTBmaK8MpAy7mpKIH+DYEzwf+KzXZX83oZ4=",
        "owner": "Jas-SinghFSU",
        "repo": "HyprPanel",
        "rev": "42943b3def85d8787d703778951944c8e791202b",
        "type": "github"
      },
      "original": {
        "owner": "Jas-SinghFSU",
        "repo": "HyprPanel",
        "type": "github"
      }
    },
    "nix-vscode-extensions": {
      "inputs": {
        "flake-utils": "flake-utils",
        "nixpkgs": "nixpkgs_3"
      },
      "locked": {
        "lastModified": 1745338164,
        "narHash": "sha256-HzAZiEX4BibzzVhlkSv7BEnCqdd1MNwiCYoZVJKgzNQ=",
        "owner": "nix-community",
        "repo": "nix-vscode-extensions",
        "rev": "4053ac07f7e677af091602d9eb73e34bb66d5aac",
        "type": "github"
      },
      "original": {
        "owner": "nix-community",
        "repo": "nix-vscode-extensions",
        "type": "github"
      }
    },
    "nixcord": {
      "inputs": {
        "flake-compat": "flake-compat",
        "nixpkgs": "nixpkgs_4",
        "systems": "systems_2",
        "treefmt-nix": "treefmt-nix"
      },
      "locked": {
        "lastModified": 1745066849,
        "narHash": "sha256-euud5ZDWH5U5sam+ZFoJY3UtxPluVUpk3fRSDmIZclk=",
        "owner": "kaylorben",
        "repo": "nixcord",
        "rev": "f4456331e4c89989a7dae4f23a0fd87d81b3e7ad",
        "type": "github"
      },
      "original": {
        "owner": "kaylorben",
        "repo": "nixcord",
        "type": "github"
      }
    },
    "nixpkgs": {
      "locked": {
        "lastModified": 1744463964,
        "narHash": "sha256-LWqduOgLHCFxiTNYi3Uj5Lgz0SR+Xhw3kr/3Xd0GPTM=",
        "owner": "NixOS",
        "repo": "nixpkgs",
        "rev": "2631b0b7abcea6e640ce31cd78ea58910d31e650",
        "type": "github"
      },
      "original": {
        "owner": "NixOS",
        "ref": "nixos-unstable",
        "repo": "nixpkgs",
        "type": "github"
      }
    },
    "nixpkgs_2": {
      "locked": {
        "lastModified": 1736344531,
        "narHash": "sha256-8YVQ9ZbSfuUk2bUf2KRj60NRraLPKPS0Q4QFTbc+c2c=",
        "owner": "nixos",
        "repo": "nixpkgs",
        "rev": "bffc22eb12172e6db3c5dde9e3e5628f8e3e7912",
        "type": "github"
      },
      "original": {
        "owner": "nixos",
        "ref": "nixos-unstable",
        "repo": "nixpkgs",
        "type": "github"
      }
    },
    "nixpkgs_3": {
      "locked": {
        "lastModified": 1744868846,
        "narHash": "sha256-5RJTdUHDmj12Qsv7XOhuospjAjATNiTMElplWnJE9Hs=",
        "owner": "NixOS",
        "repo": "nixpkgs",
        "rev": "ebe4301cbd8f81c4f8d3244b3632338bbeb6d49c",
        "type": "github"
      },
      "original": {
        "owner": "NixOS",
        "repo": "nixpkgs",
        "rev": "ebe4301cbd8f81c4f8d3244b3632338bbeb6d49c",
        "type": "github"
      }
    },
    "nixpkgs_4": {
      "locked": {
        "lastModified": 1742800061,
        "narHash": "sha256-oDJGK1UMArK52vcW9S5S2apeec4rbfNELgc50LqiPNs=",
        "owner": "NixOS",
        "repo": "nixpkgs",
        "rev": "1750f3c1c89488e2ffdd47cab9d05454dddfb734",
        "type": "github"
      },
      "original": {
        "owner": "NixOS",
        "ref": "nixpkgs-unstable",
        "repo": "nixpkgs",
        "type": "github"
      }
    },
    "nixpkgs_5": {
      "locked": {
        "lastModified": 1745234285,
        "narHash": "sha256-GfpyMzxwkfgRVN0cTGQSkTC0OHhEkv3Jf6Tcjm//qZ0=",
        "owner": "nixos",
        "repo": "nixpkgs",
        "rev": "c11863f1e964833214b767f4a369c6e6a7aba141",
        "type": "github"
      },
      "original": {
        "owner": "nixos",
        "ref": "nixos-unstable",
        "repo": "nixpkgs",
        "type": "github"
      }
    },
    "nixpkgs_6": {
      "locked": {
        "lastModified": 1728492678,
        "narHash": "sha256-9UTxR8eukdg+XZeHgxW5hQA9fIKHsKCdOIUycTryeVw=",
        "owner": "nixos",
        "repo": "nixpkgs",
        "rev": "5633bcff0c6162b9e4b5f1264264611e950c8ec7",
        "type": "github"
      },
      "original": {
        "owner": "nixos",
        "ref": "nixos-unstable",
        "repo": "nixpkgs",
        "type": "github"
      }
    },
    "nixpkgs_7": {
      "locked": {
        "lastModified": 1743448293,
        "narHash": "sha256-bmEPmSjJakAp/JojZRrUvNcDX2R5/nuX6bm+seVaGhs=",
        "owner": "nixos",
        "repo": "nixpkgs",
        "rev": "77b584d61ff80b4cef9245829a6f1dfad5afdfa3",
        "type": "github"
      },
      "original": {
        "owner": "nixos",
        "ref": "nixos-unstable",
        "repo": "nixpkgs",
        "type": "github"
      }
    },
    "nur": {
      "locked": {
        "lastModified": 1729125404,
        "narHash": "sha256-2ZtXYNBPi9Ejeb2Heqh+yFTBcstapvtna8Vyl/ugb7w=",
        "owner": "nix-community",
        "repo": "NUR",
        "rev": "7aafd5f0d772efbd2e611c132cc290c3508fe049",
        "type": "github"
      },
      "original": {
        "owner": "nix-community",
        "repo": "NUR",
        "type": "github"
      }
    },
    "root": {
      "inputs": {
        "catppuccin": "catppuccin",
        "home-manager": "home-manager",
        "hyprpanel": "hyprpanel",
        "nix-vscode-extensions": "nix-vscode-extensions",
        "nixcord": "nixcord",
        "nixpkgs": "nixpkgs_5",
        "textfox": "textfox",
        "zen-browser": "zen-browser"
      }
    },
    "systems": {
      "locked": {
        "lastModified": 1681028828,
        "narHash": "sha256-Vy1rq5AaRuLzOxct8nz4T6wlgyUR7zLU309k9mBC768=",
        "owner": "nix-systems",
        "repo": "default",
        "rev": "da67096a3b9bf56a91d16901293e51ba5b49a27e",
        "type": "github"
      },
      "original": {
        "owner": "nix-systems",
        "repo": "default",
        "type": "github"
      }
    },
    "systems_2": {
      "locked": {
        "lastModified": 1681028828,
        "narHash": "sha256-Vy1rq5AaRuLzOxct8nz4T6wlgyUR7zLU309k9mBC768=",
        "owner": "nix-systems",
        "repo": "default",
        "rev": "da67096a3b9bf56a91d16901293e51ba5b49a27e",
        "type": "github"
      },
      "original": {
        "id": "systems",
        "type": "indirect"
      }
    },
    "textfox": {
      "inputs": {
        "nixpkgs": "nixpkgs_6",
        "nur": "nur"
      },
      "locked": {
        "lastModified": 1743259489,
        "narHash": "sha256-xDWkq97E63R3vVTqwgQE8fZi1nFE2Jl/44RZocs561M=",
        "owner": "adriankarlen",
        "repo": "textfox",
        "rev": "f60e1f432b812b2edc00d277fdbada66f1b42a0d",
        "type": "github"
      },
      "original": {
        "owner": "adriankarlen",
        "repo": "textfox",
        "type": "github"
      }
    },
    "treefmt-nix": {
      "inputs": {
        "nixpkgs": [
          "nixcord",
          "nixpkgs"
        ]
      },
      "locked": {
        "lastModified": 1742370146,
        "narHash": "sha256-XRE8hL4vKIQyVMDXykFh4ceo3KSpuJF3ts8GKwh5bIU=",
        "owner": "numtide",
        "repo": "treefmt-nix",
        "rev": "adc195eef5da3606891cedf80c0d9ce2d3190808",
        "type": "github"
      },
      "original": {
        "owner": "numtide",
        "repo": "treefmt-nix",
        "type": "github"
      }
    },
    "zen-browser": {
      "inputs": {
        "home-manager": "home-manager_2",
        "nixpkgs": "nixpkgs_7"
      },
      "locked": {
        "lastModified": 1745111733,
        "narHash": "sha256-FVsS0LcSYwt4qiw1inlI8F9dc7PZaRaWAr4vqvvnekg=",
        "owner": "0xc000022070",
        "repo": "zen-browser-flake",
        "rev": "67df3e64a216db8ac3c8bc669143af090bf4e6ad",
        "type": "github"
      },
      "original": {
        "owner": "0xc000022070",
        "repo": "zen-browser-flake",
        "type": "github"
      }
    }
  },
  "root": "root",
  "version": 7
}
